
Microsoft Visual Studio Solution File, Format Version 12.00
# Visual Studio Version 16
VisualStudioVersion = 16.0.31729.503
MinimumVisualStudioVersion = 10.0.40219.1
Project("{9A19103F-16F7-4668-BE54-9A1E7A4F7556}") = "Metotlar", "Metotlar.csproj", "{D85A53B1-6033-4D49-BBBA-7AA78ADDFE59}"
EndProject
Project("{9A19103F-16F7-4668-BE54-9A1E7A4F7556}") = "Matematik", "..\Matematik\Matematik.csproj", "{8075C7A5-A6B5-4295-9968-02696B723E98}"
EndProject
Project("{9A19103F-16F7-4668-BE54-9A1E7A4F7556}") = "OOP1", "..\DegerVeReferansTipler\OOP1.csproj", "{C21F0E96-6F5A-4B1B-8260-C186A9CBD261}"
EndProject
Project("{9A19103F-16F7-4668-BE54-9A1E7A4F7556}") = "Koleksiyonlar", "..\Koleksiyonlar\Koleksiyonlar.csproj", "{D1A64DBF-7108-4D1B-8824-3EF3491E0455}"
EndProject
Project("{FAE04EC0-301F-11D3-BF4B-00C04F79EFBC}") = "GenericsIntro", "..\GenericsIntro\GenericsIntro.csproj", "{626D6C7C-C33A-40C5-93E2-35FE62A3A24B}"
EndProject
Global
	GlobalSection(SolutionConfigurationPlatforms) = preSolution
		Debug|Any CPU = Debug|Any CPU
		Release|Any CPU = Release|Any CPU
	EndGlobalSection
	GlobalSection(ProjectConfigurationPlatforms) = postSolution
		{D85A53B1-6033-4D49-BBBA-7AA78ADDFE59}.Debug|Any CPU.ActiveCfg = Debug|Any CPU
		{D85A53B1-6033-4D49-BBBA-7AA78ADDFE59}.Debug|Any CPU.Build.0 = Debug|Any CPU
		{D85A53B1-6033-4D49-BBBA-7AA78ADDFE59}.Release|Any CPU.ActiveCfg = Release|Any CPU
		{D85A53B1-6033-4D49-BBBA-7AA78ADDFE59}.Release|Any CPU.Build.0 = Release|Any CPU
		{8075C7A5-A6B5-4295-9968-02696B723E98}.Debug|Any CPU.ActiveCfg = Debug|Any CPU
		{8075C7A5-A6B5-4295-9968-02696B723E98}.Debug|Any CPU.Build.0 = Debug|Any CPU
		{8075C7A5-A6B5-4295-9968-02696B723E98}.Release|Any CPU.ActiveCfg = Release|Any CPU
		{8075C7A5-A6B5-4295-9968-02696B723E98}.Release|Any CPU.Build.0 = Release|Any CPU
		{C21F0E96-6F5A-4B1B-8260-C186A9CBD261}.Debug|Any CPU.ActiveCfg = Debug|Any CPU
		{C21F0E96-6F5A-4B1B-8260-C186A9CBD261}.Debug|Any CPU.Build.0 = Debug|Any CPU
		{C21F0E96-6F5A-4B1B-8260-C186A9CBD261}.Release|Any CPU.ActiveCfg = Release|Any CPU
		{C21F0E96-6F5A-4B1B-8260-C186A9CBD261}.Release|Any CPU.Build.0 = Release|Any CPU
		{D1A64DBF-7108-4D1B-8824-3EF3491E0455}.Debug|Any CPU.ActiveCfg = Debug|Any CPU
		{D1A64DBF-7108-4D1B-8824-3EF3491E0455}.Debug|Any CPU.Build.0 = Debug|Any CPU
		{D1A64DBF-7108-4D1B-8824-3EF3491E0455}.Release|Any CPU.ActiveCfg = Release|Any CPU
		{D1A64DBF-7108-4D1B-8824-3EF3491E0455}.Release|Any CPU.Build.0 = Release|Any CPU
		{626D6C7C-C33A-40C5-93E2-35FE62A3A24B}.Debug|Any CPU.ActiveCfg = Debug|Any CPU
		{626D6C7C-C33A-40C5-93E2-35FE62A3A24B}.Debug|Any CPU.Build.0 = Debug|Any CPU
		{626D6C7C-C33A-40C5-93E2-35FE62A3A24B}.Release|Any CPU.ActiveCfg = Release|Any CPU
		{626D6C7C-C33A-40C5-93E2-35FE62A3A24B}.Release|Any CPU.Build.0 = Release|Any CPU
	EndGlobalSection
	GlobalSection(SolutionProperties) = preSolution
		HideSolutionNode = FALSE
	EndGlobalSection
	GlobalSection(ExtensibilityGlobals) = postSolution
		SolutionGuid = {52A90056-32AF-4D1A-8EB9-FE64598EBC2D}
	EndGlobalSection
EndGlobal
